
Microsoft Visual Studio Solution File, Format Version 12.00
# Visual Studio 15
VisualStudioVersion = 15.0.26730.12
MinimumVisualStudioVersion = 10.0.40219.1
Project("{9A19103F-16F7-4668-BE54-9A1E7A4F7556}") = "ArrayDemo", "ArrayDemo\ArrayDemo.csproj", "{D42D0C98-36E1-43BD-894D-6466BBE124D8}"
EndProject
Project("{FAE04EC0-301F-11D3-BF4B-00C04F79EFBC}") = "ArrayDemo2", "ArrayDemo2\ArrayDemo2.csproj", "{93034693-1506-431E-A9CD-16C1B2A67FA3}"
EndProject
Global
	GlobalSection(SolutionConfigurationPlatforms) = preSolution
		Debug|Any CPU = Debug|Any CPU
		Release|Any CPU = Release|Any CPU
	EndGlobalSection
	GlobalSection(ProjectConfigurationPlatforms) = postSolution
		{D42D0C98-36E1-43BD-894D-6466BBE124D8}.Debug|Any CPU.ActiveCfg = Debug|Any CPU
		{D42D0C98-36E1-43BD-894D-6466BBE124D8}.Debug|Any CPU.Build.0 = Debug|Any CPU
		{D42D0C98-36E1-43BD-894D-6466BBE124D8}.Release|Any CPU.ActiveCfg = Release|Any CPU
		{D42D0C98-36E1-43BD-894D-6466BBE124D8}.Release|Any CPU.Build.0 = Release|Any CPU
		{93034693-1506-431E-A9CD-16C1B2A67FA3}.Debug|Any CPU.ActiveCfg = Debug|Any CPU
		{93034693-1506-431E-A9CD-16C1B2A67FA3}.Debug|Any CPU.Build.0 = Debug|Any CPU
		{93034693-1506-431E-A9CD-16C1B2A67FA3}.Release|Any CPU.ActiveCfg = Release|Any CPU
		{93034693-1506-431E-A9CD-16C1B2A67FA3}.Release|Any CPU.Build.0 = Release|Any CPU
	EndGlobalSection
	GlobalSection(SolutionProperties) = preSolution
		HideSolutionNode = FALSE
	EndGlobalSection
	GlobalSection(ExtensibilityGlobals) = postSolution
		SolutionGuid = {61C630EA-80B2-411F-A447-7E40F1594029}
	EndGlobalSection
EndGlobal
